
Microsoft Visual Studio Solution File, Format Version 12.00
# Visual Studio Version 17
VisualStudioVersion = 17.9.34622.214
MinimumVisualStudioVersion = 10.0.40219.1
Project("{FAE04EC0-301F-11D3-BF4B-00C04F79EFBC}") = "API.Quiz", "API.Quiz\API.Quiz.csproj", "{D3B7540C-E0C7-40AD-8541-19FD295E694F}"
EndProject
Project("{FAE04EC0-301F-11D3-BF4B-00C04F79EFBC}") = "Quiz.Entidade", "Quiz.Entidade\Quiz.Entidade.csproj", "{1F9F8332-5AA9-4FC2-8810-5EE33C5835AF}"
EndProject
Project("{FAE04EC0-301F-11D3-BF4B-00C04F79EFBC}") = "Quiz.Negocio", "Quiz.Negocio\Quiz.Negocio.csproj", "{E74851D8-E378-453F-9AE8-4654CB8F9219}"
EndProject
Project("{FAE04EC0-301F-11D3-BF4B-00C04F79EFBC}") = "MVC.Quiz", "MVC.Quiz\MVC.Quiz.csproj", "{F0196411-30EF-43CD-BD6E-514FE3B3C5B5}"
EndProject
Project("{FAE04EC0-301F-11D3-BF4B-00C04F79EFBC}") = "Quiz.Persistencia", "Quiz.Persistencia\Quiz.Persistencia.csproj", "{602F2A14-F628-4EA8-BDDA-1D2F7F9387DF}"
EndProject
Project("{FAE04EC0-301F-11D3-BF4B-00C04F79EFBC}") = "Quiz.Util", "Quiz.Util\Quiz.Util.csproj", "{7239AE9A-E633-44A3-9B7F-2F72788399E1}"
EndProject
Global
	GlobalSection(SolutionConfigurationPlatforms) = preSolution
		Debug|Any CPU = Debug|Any CPU
		Release|Any CPU = Release|Any CPU
	EndGlobalSection
	GlobalSection(ProjectConfigurationPlatforms) = postSolution
		{D3B7540C-E0C7-40AD-8541-19FD295E694F}.Debug|Any CPU.ActiveCfg = Debug|Any CPU
		{D3B7540C-E0C7-40AD-8541-19FD295E694F}.Debug|Any CPU.Build.0 = Debug|Any CPU
		{D3B7540C-E0C7-40AD-8541-19FD295E694F}.Release|Any CPU.ActiveCfg = Release|Any CPU
		{D3B7540C-E0C7-40AD-8541-19FD295E694F}.Release|Any CPU.Build.0 = Release|Any CPU
		{1F9F8332-5AA9-4FC2-8810-5EE33C5835AF}.Debug|Any CPU.ActiveCfg = Debug|Any CPU
		{1F9F8332-5AA9-4FC2-8810-5EE33C5835AF}.Debug|Any CPU.Build.0 = Debug|Any CPU
		{1F9F8332-5AA9-4FC2-8810-5EE33C5835AF}.Release|Any CPU.ActiveCfg = Release|Any CPU
		{1F9F8332-5AA9-4FC2-8810-5EE33C5835AF}.Release|Any CPU.Build.0 = Release|Any CPU
		{E74851D8-E378-453F-9AE8-4654CB8F9219}.Debug|Any CPU.ActiveCfg = Debug|Any CPU
		{E74851D8-E378-453F-9AE8-4654CB8F9219}.Debug|Any CPU.Build.0 = Debug|Any CPU
		{E74851D8-E378-453F-9AE8-4654CB8F9219}.Release|Any CPU.ActiveCfg = Release|Any CPU
		{E74851D8-E378-453F-9AE8-4654CB8F9219}.Release|Any CPU.Build.0 = Release|Any CPU
		{F0196411-30EF-43CD-BD6E-514FE3B3C5B5}.Debug|Any CPU.ActiveCfg = Debug|Any CPU
		{F0196411-30EF-43CD-BD6E-514FE3B3C5B5}.Debug|Any CPU.Build.0 = Debug|Any CPU
		{F0196411-30EF-43CD-BD6E-514FE3B3C5B5}.Release|Any CPU.ActiveCfg = Release|Any CPU
		{F0196411-30EF-43CD-BD6E-514FE3B3C5B5}.Release|Any CPU.Build.0 = Release|Any CPU
		{602F2A14-F628-4EA8-BDDA-1D2F7F9387DF}.Debug|Any CPU.ActiveCfg = Debug|Any CPU
		{602F2A14-F628-4EA8-BDDA-1D2F7F9387DF}.Debug|Any CPU.Build.0 = Debug|Any CPU
		{602F2A14-F628-4EA8-BDDA-1D2F7F9387DF}.Release|Any CPU.ActiveCfg = Release|Any CPU
		{602F2A14-F628-4EA8-BDDA-1D2F7F9387DF}.Release|Any CPU.Build.0 = Release|Any CPU
		{7239AE9A-E633-44A3-9B7F-2F72788399E1}.Debug|Any CPU.ActiveCfg = Debug|Any CPU
		{7239AE9A-E633-44A3-9B7F-2F72788399E1}.Debug|Any CPU.Build.0 = Debug|Any CPU
		{7239AE9A-E633-44A3-9B7F-2F72788399E1}.Release|Any CPU.ActiveCfg = Release|Any CPU
		{7239AE9A-E633-44A3-9B7F-2F72788399E1}.Release|Any CPU.Build.0 = Release|Any CPU
	EndGlobalSection
	GlobalSection(SolutionProperties) = preSolution
		HideSolutionNode = FALSE
	EndGlobalSection
	GlobalSection(ExtensibilityGlobals) = postSolution
		SolutionGuid = {EDC26B10-3301-4875-93C6-2281EE932CD1}
	EndGlobalSection
EndGlobal
